{
  "name": "kafka-testing",
  "version": "1.0.0",
  "lockfileVersion": 1,
  "requires": true,
  "dependencies": {
    "@most/core": {
      "version": "0.14.0",
      "resolved": "https://registry.npmjs.org/@most/core/-/core-0.14.0.tgz",
      "integrity": "sha512-Ns8ckDZ7iGKfUgM9Ljp+fR2gnq71j5cAGXTWEDCSZH2KaLRfxs7pp0/oxljNN3aIvcQQcK1MD1Jf9mGo+aUiUA==",
      "requires": {
        "@most/disposable": "0.13.1",
        "@most/prelude": "1.7.1",
        "@most/scheduler": "0.13.1",
        "@most/types": "0.11.1"
      }
    },
    "@most/disposable": {
      "version": "0.13.1",
      "resolved": "https://registry.npmjs.org/@most/disposable/-/disposable-0.13.1.tgz",
      "integrity": "sha512-2Z89nEjdEJ6RvCzwyWZK6xv2avt2gY2NSkceemOQ869ggGDB2ZFA/ZMuyZag2KVoCyjb9zMOhfOgQw1gD/m9QA==",
      "requires": {
        "@most/prelude": "1.7.1",
        "@most/types": "0.11.1"
      }
    },
    "@most/multicast": {
      "version": "1.3.0",
      "resolved": "https://registry.npmjs.org/@most/multicast/-/multicast-1.3.0.tgz",
      "integrity": "sha512-DWH8AShgp5bXn+auGzf5tzPxvpmEvQJd0CNsApOci1LDF4eAEcnw4HQOr2Jaa+L92NbDYFKBSXxll+i7r1ikvw==",
      "requires": {
        "@most/prelude": "1.7.1"
      }
    },
    "@most/prelude": {
      "version": "1.7.1",
      "resolved": "https://registry.npmjs.org/@most/prelude/-/prelude-1.7.1.tgz",
      "integrity": "sha512-2JsW7OArYnndGcXPSjIx9uwmSTCHByb+7WRmOhrOYM9N5GK5KMsX4APKxET73+zc1ZUqEj2yAPwYis72xJXIEQ=="
    },
    "@most/scheduler": {
      "version": "0.13.1",
      "resolved": "https://registry.npmjs.org/@most/scheduler/-/scheduler-0.13.1.tgz",
      "integrity": "sha512-t14TLvEfUYPSLJQSLT/V5bQYxvKdLib8KFrz0hniOHZRoqyBgt6zhHKP1zywrEYQd9+sdhS5SZDnX9wAJ+xJxg==",
      "requires": {
        "@most/prelude": "1.7.1",
        "@most/types": "0.11.1"
      }
    },
    "@most/types": {
      "version": "0.11.1",
      "resolved": "https://registry.npmjs.org/@most/types/-/types-0.11.1.tgz",
      "integrity": "sha512-acP+xy7F4W50GAbpOmfdNgATPwCfMUSLmWEhUb4MHli9k0qAtN828LTVPgK3AsTBh/Fkx0TulbgW+H2t06BsKA=="
    },
    "@types/bluebird": {
      "version": "3.5.0",
      "resolved": "https://registry.npmjs.org/@types/bluebird/-/bluebird-3.5.0.tgz",
      "integrity": "sha1-JjNHCk6r6aR82aRf2yDtX5NAe8o="
    },
    "@types/lodash": {
      "version": "4.14.109",
      "resolved": "https://registry.npmjs.org/@types/lodash/-/lodash-4.14.109.tgz",
      "integrity": "sha1-scREIjlzC/Ncq69JPHcrGMBFiG0="
    },
    "async": {
      "version": "2.6.1",
      "resolved": "https://registry.npmjs.org/async/-/async-2.6.1.tgz",
      "integrity": "sha512-fNEiL2+AZt6AlAw/29Cr0UDe4sRAHCpEHh54WMz+Bb7QfNcFw4h3loofyJpLeQs4Yx7yuqu/2dLgM5hKOs6HlQ==",
      "requires": {
        "lodash": "4.17.10"
      },
      "dependencies": {
        "lodash": {
          "version": "4.17.10",
          "resolved": "https://registry.npmjs.org/lodash/-/lodash-4.17.10.tgz",
          "integrity": "sha512-UejweD1pDoXu+AD825lWwp4ZGtSwgnpZxb3JDViD7StjQz+Nb/6l093lx4OQ0foGWNRoc19mWy7BzL+UAK2iVg=="
        }
      }
    },
    "balanced-match": {
      "version": "1.0.0",
      "resolved": "https://registry.npmjs.org/balanced-match/-/balanced-match-1.0.0.tgz",
      "integrity": "sha1-ibTRmasr7kneFk6gK4nORi1xt2c="
    },
    "bin-protocol": {
      "version": "3.0.4",
      "resolved": "https://registry.npmjs.org/bin-protocol/-/bin-protocol-3.0.4.tgz",
      "integrity": "sha1-RlqdNQb+sOEmtStbIWDZNuFbJ/Q=",
      "requires": {
        "lodash": "4.16.4",
        "long": "3.2.0",
        "protocol-buffers-schema": "3.3.2"
      }
    },
    "binary": {
      "version": "0.3.0",
      "resolved": "https://registry.npmjs.org/binary/-/binary-0.3.0.tgz",
      "integrity": "sha1-n2BVO8XOjDOG87VTz/R0Yq3sqnk=",
      "requires": {
        "buffers": "0.1.1",
        "chainsaw": "0.1.0"
      }
    },
    "bindings": {
      "version": "1.3.0",
      "resolved": "https://registry.npmjs.org/bindings/-/bindings-1.3.0.tgz",
      "integrity": "sha512-DpLh5EzMR2kzvX1KIlVC0VkC3iZtHKTgdtZ0a3pglBZdaQFjt5S9g9xd1lE+YvXyfd6mtCeRnrUfOLYiTMlNSw=="
    },
    "bl": {
      "version": "1.2.2",
      "resolved": "https://registry.npmjs.org/bl/-/bl-1.2.2.tgz",
      "integrity": "sha512-e8tQYnZodmebYDWGH7KMRvtzKXaJHx3BbilrgZCfvyLUYdKpK1t5PSPmpkny/SgiTSCnjfLW7v5rlONXVFkQEA==",
      "requires": {
        "readable-stream": "2.3.6",
        "safe-buffer": "5.1.2"
      }
    },
    "bluebird": {
      "version": "3.5.1",
      "resolved": "https://registry.npmjs.org/bluebird/-/bluebird-3.5.1.tgz",
      "integrity": "sha1-2VUfnemPH82h5oPRfukaBgLuLrk="
    },
    "brace-expansion": {
      "version": "1.1.11",
      "resolved": "https://registry.npmjs.org/brace-expansion/-/brace-expansion-1.1.11.tgz",
      "integrity": "sha512-iCuPHDFgrHX7H2vEI/5xpz07zSHB00TpugqhmYtVmMO6518mCuRMoOYFldEBl0g187ufozdaHgWKcYFb61qGiA==",
      "requires": {
        "balanced-match": "1.0.0",
        "concat-map": "0.0.1"
      }
    },
    "buffer-crc32": {
      "version": "0.2.13",
      "resolved": "https://registry.npmjs.org/buffer-crc32/-/buffer-crc32-0.2.13.tgz",
      "integrity": "sha1-DTM+PwDqxQqhRUq9MO+MKl2ackI="
    },
    "buffermaker": {
      "version": "1.2.0",
      "resolved": "https://registry.npmjs.org/buffermaker/-/buffermaker-1.2.0.tgz",
      "integrity": "sha1-u3MlLsCIK3Y56bVWuCnav8LK4bo=",
      "requires": {
        "long": "1.1.2"
      },
      "dependencies": {
        "long": {
          "version": "1.1.2",
          "resolved": "https://registry.npmjs.org/long/-/long-1.1.2.tgz",
          "integrity": "sha1-6u9ZUcp1UdlpJrgtokLbnWso+1M="
        }
      }
    },
    "buffers": {
      "version": "0.1.1",
      "resolved": "https://registry.npmjs.org/buffers/-/buffers-0.1.1.tgz",
      "integrity": "sha1-skV5w77U1tOWru5tmorn9Ugqt7s="
    },
    "chainsaw": {
      "version": "0.1.0",
      "resolved": "https://registry.npmjs.org/chainsaw/-/chainsaw-0.1.0.tgz",
      "integrity": "sha1-XqtQsor+WAdNDVgpE4iCi15fvJg=",
      "requires": {
        "traverse": "0.3.9"
      }
    },
    "concat-map": {
      "version": "0.0.1",
      "resolved": "https://registry.npmjs.org/concat-map/-/concat-map-0.0.1.tgz",
      "integrity": "sha1-2Klr13/Wjfd5OnMDajug1UBdR3s="
    },
    "connection-parse": {
      "version": "0.0.7",
      "resolved": "https://registry.npmjs.org/connection-parse/-/connection-parse-0.0.7.tgz",
      "integrity": "sha1-GOcxiqsGppkmc3KxDFIm0locmmk="
    },
    "core-util-is": {
      "version": "1.0.2",
      "resolved": "https://registry.npmjs.org/core-util-is/-/core-util-is-1.0.2.tgz",
      "integrity": "sha1-tf1UIgqivFq1eqtxQMlAdUUDwac="
    },
    "cuid": {
      "version": "2.1.1",
      "resolved": "https://registry.npmjs.org/cuid/-/cuid-2.1.1.tgz",
      "integrity": "sha1-Ow/MvaEIn/EjoScyDIYLl1IA1is="
    },
    "debug": {
      "version": "3.1.0",
      "resolved": "https://registry.npmjs.org/debug/-/debug-3.1.0.tgz",
      "integrity": "sha512-OX8XqP7/1a9cqkxYw2yXss15f26NKWBpDXQd0/uK/KPqdQhxbPa994hnzjcE2VqQpDslf55723cKPUOGSmMY3g==",
      "requires": {
        "ms": "2.0.0"
      }
    },
    "hashring": {
      "version": "3.2.0",
      "resolved": "https://registry.npmjs.org/hashring/-/hashring-3.2.0.tgz",
      "integrity": "sha1-/aTv3oqiLNuX+x0qZeiEAeHBRM4=",
      "requires": {
        "connection-parse": "0.0.7",
        "simple-lru-cache": "0.0.2"
      }
    },
    "inherits": {
      "version": "2.0.3",
      "resolved": "https://registry.npmjs.org/inherits/-/inherits-2.0.3.tgz",
      "integrity": "sha1-Yzwsg+PaQqUC9SRmAiSA9CCCYd4="
    },
    "isarray": {
      "version": "1.0.0",
      "resolved": "https://registry.npmjs.org/isarray/-/isarray-1.0.0.tgz",
      "integrity": "sha1-u5NdSFgsuhaMBoNJV6VKPgcSTxE="
    },
    "kafka-node": {
      "version": "2.4.1",
      "resolved": "https://registry.npmjs.org/kafka-node/-/kafka-node-2.4.1.tgz",
      "integrity": "sha512-9J5uutin1HKiS0oJo/ScIVC/i+jn24ivYArV2EOerfJX8oRQ/sdgPaQMCOtfluuxf7gy2ExIh5Dyk703SWtXUQ==",
      "requires": {
        "async": "2.6.1",
        "binary": "0.3.0",
        "bl": "1.2.2",
        "buffer-crc32": "0.2.13",
        "buffermaker": "1.2.0",
        "debug": "2.6.9",
        "lodash": "4.17.10",
        "minimatch": "3.0.4",
        "nested-error-stacks": "2.0.1",
        "node-zookeeper-client": "0.2.2",
        "optional": "0.1.4",
        "retry": "0.10.1",
        "snappy": "6.0.4",
        "uuid": "3.2.1"
      },
      "dependencies": {
        "debug": {
          "version": "2.6.9",
          "resolved": "https://registry.npmjs.org/debug/-/debug-2.6.9.tgz",
          "integrity": "sha512-bC7ElrdJaJnPbAP+1EotYvqZsb3ecl5wi6Bfi6BJTUcNowp6cvspg0jXznRTKDjm/E7AdgFBVeAPVMNcKGsHMA==",
          "requires": {
            "ms": "2.0.0"
          }
        },
        "lodash": {
          "version": "4.17.10",
          "resolved": "https://registry.npmjs.org/lodash/-/lodash-4.17.10.tgz",
          "integrity": "sha512-UejweD1pDoXu+AD825lWwp4ZGtSwgnpZxb3JDViD7StjQz+Nb/6l093lx4OQ0foGWNRoc19mWy7BzL+UAK2iVg=="
        }
      }
    },
    "kafka-streams": {
      "version": "4.3.0",
      "resolved": "https://registry.npmjs.org/kafka-streams/-/kafka-streams-4.3.0.tgz",
      "integrity": "sha512-hYQN5v4HXIhMpVv0DqGckEoOtATJCXUwIptXITIsqgegbTJOLq+cg/zymlmLUUqLXNu15LgSJcEwOkE5T30q7w==",
      "requires": {
        "bluebird": "3.5.1",
        "debug": "3.1.0",
        "most": "1.7.3",
        "most-subject": "6.0.0",
        "sinek": "6.15.2"
      }
    },
    "lodash": {
      "version": "4.16.4",
      "resolved": "https://registry.npmjs.org/lodash/-/lodash-4.16.4.tgz",
      "integrity": "sha1-Ac4wa5utExnypVKGdPiCl663ASc="
    },
    "long": {
      "version": "3.2.0",
      "resolved": "https://registry.npmjs.org/long/-/long-3.2.0.tgz",
      "integrity": "sha1-2CG3E4yhy1gcFymQ7xTbIAtcR0s="
    },
    "minimatch": {
      "version": "3.0.4",
      "resolved": "https://registry.npmjs.org/minimatch/-/minimatch-3.0.4.tgz",
      "integrity": "sha512-yJHVQEhyqPLUTgt9B83PXu6W3rx4MvvHvSUvToogpwoGDOUQ+yDrR0HRot+yOCdCO7u4hX3pWft6kWBBcqh0UA==",
      "requires": {
        "brace-expansion": "1.1.11"
      }
    },
    "most": {
      "version": "1.7.3",
      "resolved": "https://registry.npmjs.org/most/-/most-1.7.3.tgz",
      "integrity": "sha512-mk68SM/ptK8WSo3l03raXcWy02Hl7jbzxVozMuvyYxohn4yteh2THhl3+XABF5cunWE8eXHAsLbv+RCJI5y+jg==",
      "requires": {
        "@most/multicast": "1.3.0",
        "@most/prelude": "1.7.1",
        "symbol-observable": "1.2.0"
      }
    },
    "most-subject": {
      "version": "6.0.0",
      "resolved": "https://registry.npmjs.org/most-subject/-/most-subject-6.0.0.tgz",
      "integrity": "sha512-Fg55kwepLJ4l6tI/iOWaKDV0pNpsv0KMprr4skdZlKu292bN0xkT8zE12CybkVhivWlQP3QrweSk8eOKoJUMmA==",
      "requires": {
        "@most/core": "0.14.0",
        "@most/prelude": "1.6.4",
        "@most/types": "0.11.1"
      },
      "dependencies": {
        "@most/prelude": {
          "version": "1.6.4",
          "resolved": "https://registry.npmjs.org/@most/prelude/-/prelude-1.6.4.tgz",
          "integrity": "sha512-RsT1xRIEc+rCCTZPL3v/tAC+dX1qt1q00ZofEtCJEMEsVg7zT+WLXiVQdhcRqqh4baQTYmDPArXrQWyd7GkqAA=="
        }
      }
    },
    "ms": {
      "version": "2.0.0",
      "resolved": "https://registry.npmjs.org/ms/-/ms-2.0.0.tgz",
      "integrity": "sha1-VgiurfwAvmwpAd9fmGF4jeDVl8g="
    },
    "murmur-hash-js": {
      "version": "1.0.0",
      "resolved": "https://registry.npmjs.org/murmur-hash-js/-/murmur-hash-js-1.0.0.tgz",
      "integrity": "sha1-UEEEkmnJZjPIZjhpYLL0KJ515bA="
    },
    "murmur2-partitioner": {
      "version": "1.0.0",
      "resolved": "https://registry.npmjs.org/murmur2-partitioner/-/murmur2-partitioner-1.0.0.tgz",
      "integrity": "sha512-Vb+qk3jrnYxrwfxsTY1yH7VjXL4PWObXq/S0f4dKzSn+IXTXnFH/8KtXuFZScdCiMKw9HlKtGoY84xKFQpMSEg==",
      "requires": {
        "murmur-hash-js": "1.0.0"
      }
    },
    "murmurhash": {
      "version": "0.0.2",
      "resolved": "https://registry.npmjs.org/murmurhash/-/murmurhash-0.0.2.tgz",
      "integrity": "sha1-bwe9ihEF5wnCb8iUIMtZMMJFhf4="
    },
    "nan": {
      "version": "2.10.0",
      "resolved": "https://registry.npmjs.org/nan/-/nan-2.10.0.tgz",
      "integrity": "sha512-bAdJv7fBLhWC+/Bls0Oza+mvTaNQtP+1RyhhhvD95pgUJz6XM5IzgmxOkItJ9tkoCiplvAnXI1tNmmUD/eScyA=="
    },
    "nested-error-stacks": {
      "version": "2.0.1",
      "resolved": "https://registry.npmjs.org/nested-error-stacks/-/nested-error-stacks-2.0.1.tgz",
      "integrity": "sha512-SrQrok4CATudVzBS7coSz26QRSmlK9TzzoFbeKfcPBUFPjcQM9Rqvr/DlJkOrwI/0KcgvMub1n1g5Jt9EgRn4A=="
    },
    "nice-simple-logger": {
      "version": "1.0.1",
      "resolved": "https://registry.npmjs.org/nice-simple-logger/-/nice-simple-logger-1.0.1.tgz",
      "integrity": "sha1-D55khSe+e+PkmrdvqMjAmK+VG/Y=",
      "requires": {
        "lodash": "4.16.4"
      }
    },
    "no-kafka": {
      "version": "3.2.9",
      "resolved": "https://registry.npmjs.org/no-kafka/-/no-kafka-3.2.9.tgz",
      "integrity": "sha1-jLSk8aDVDqYUXFvAZ6A1Dl5CmMc=",
      "requires": {
        "@types/bluebird": "3.5.0",
        "@types/lodash": "4.14.109",
        "bin-protocol": "3.0.4",
        "bluebird": "3.5.1",
        "buffer-crc32": "0.2.13",
        "hashring": "3.2.0",
        "lodash": "4.16.4",
        "murmur-hash-js": "1.0.0",
        "nice-simple-logger": "1.0.1",
        "wrr-pool": "1.1.3"
      }
    },
    "node-rdkafka": {
      "version": "2.3.3",
      "resolved": "https://registry.npmjs.org/node-rdkafka/-/node-rdkafka-2.3.3.tgz",
      "integrity": "sha512-2J54zC9+Zj0iRQttmQs1Ubv8aHhmh04XjP3vk39uco7l6tp8BYYHG4XRsoqKOGGKjBLctGpFHr9g97WBE1pTbg==",
      "requires": {
        "bindings": "1.3.0",
        "nan": "2.10.0"
      }
    },
    "node-zookeeper-client": {
      "version": "0.2.2",
      "resolved": "https://registry.npmjs.org/node-zookeeper-client/-/node-zookeeper-client-0.2.2.tgz",
      "integrity": "sha1-CXvaAZme749gLOBotjJgAGnb9oU=",
      "requires": {
        "async": "0.2.10",
        "underscore": "1.4.4"
      },
      "dependencies": {
        "async": {
          "version": "0.2.10",
          "resolved": "https://registry.npmjs.org/async/-/async-0.2.10.tgz",
          "integrity": "sha1-trvgsGdLnXGXCMo43owjfLUmw9E="
        }
      }
    },
    "optional": {
      "version": "0.1.4",
      "resolved": "https://registry.npmjs.org/optional/-/optional-0.1.4.tgz",
      "integrity": "sha512-gtvrrCfkE08wKcgXaVwQVgwEQ8vel2dc5DDBn9RLQZ3YtmtkBss6A2HY6BnJH4N/4Ku97Ri/SF8sNWE2225WJw=="
    },
    "process-nextick-args": {
      "version": "2.0.0",
      "resolved": "https://registry.npmjs.org/process-nextick-args/-/process-nextick-args-2.0.0.tgz",
      "integrity": "sha512-MtEC1TqN0EU5nephaJ4rAtThHtC86dNN9qCuEhtshvpVBkAW5ZO7BASN9REnF9eoXGcRub+pFuKEpOHE+HbEMw=="
    },
    "protocol-buffers-schema": {
      "version": "3.3.2",
      "resolved": "https://registry.npmjs.org/protocol-buffers-schema/-/protocol-buffers-schema-3.3.2.tgz",
      "integrity": "sha1-AENPYItOjfVMWeBw7+78N/tLuFk="
    },
    "readable-stream": {
      "version": "2.3.6",
      "resolved": "https://registry.npmjs.org/readable-stream/-/readable-stream-2.3.6.tgz",
      "integrity": "sha512-tQtKA9WIAhBF3+VLAseyMqZeBjW0AHJoxOtYqSUZNJxauErmLbVm2FW1y+J/YA9dUrAC39ITejlZWhVIwawkKw==",
      "requires": {
        "core-util-is": "1.0.2",
        "inherits": "2.0.3",
        "isarray": "1.0.0",
        "process-nextick-args": "2.0.0",
        "safe-buffer": "5.1.2",
        "string_decoder": "1.1.1",
        "util-deprecate": "1.0.2"
      }
    },
    "retry": {
      "version": "0.10.1",
      "resolved": "https://registry.npmjs.org/retry/-/retry-0.10.1.tgz",
      "integrity": "sha1-52OI0heZLCUnUCQdPTlW/tmNj/Q="
    },
    "safe-buffer": {
      "version": "5.1.2",
      "resolved": "https://registry.npmjs.org/safe-buffer/-/safe-buffer-5.1.2.tgz",
      "integrity": "sha512-Gd2UZBJDkXlY7GbJxfsE8/nvKkUEU1G38c1siN6QP6a9PT9MmHB8GnpscSmMJSoF8LOIrt8ud/wPtojys4G6+g=="
    },
    "simple-lru-cache": {
      "version": "0.0.2",
      "resolved": "https://registry.npmjs.org/simple-lru-cache/-/simple-lru-cache-0.0.2.tgz",
      "integrity": "sha1-1ZzDoZPBpdAyD4Tucy9uRxPlEd0="
    },
    "sinek": {
      "version": "6.15.2",
      "resolved": "https://registry.npmjs.org/sinek/-/sinek-6.15.2.tgz",
      "integrity": "sha512-Efci8Ol8MCxwNSTRQJTMHddpeYz/QTbnrE7eqgfIu/YrKQjYQpX3IlZM5mMFJ0UCK235tFljrqdErKZXzPCI4g==",
      "requires": {
        "async": "2.6.1",
        "bluebird": "3.5.1",
        "debug": "3.1.0",
        "kafka-node": "2.4.1",
        "murmur2-partitioner": "1.0.0",
        "murmurhash": "0.0.2",
        "node-rdkafka": "2.2.3",
        "uuid": "3.2.1"
      },
      "dependencies": {
        "node-rdkafka": {
          "version": "2.2.3",
          "resolved": "https://registry.npmjs.org/node-rdkafka/-/node-rdkafka-2.2.3.tgz",
          "integrity": "sha1-BdjK/brye/Ho7yuOW/Oa+1mi5wE=",
          "optional": true,
          "requires": {
            "bindings": "1.3.0",
            "nan": "2.10.0"
          }
        }
      }
    },
    "snappy": {
      "version": "6.0.4",
      "resolved": "https://registry.npmjs.org/snappy/-/snappy-6.0.4.tgz",
      "integrity": "sha512-+MjETxi/G7fLtiLFWW9n9VLzpJvOVqRRohJ7kTgaU4bUJ37rsoWwxhZzO91BOB7sCgOILtKsGtCUviUo3REIfQ==",
      "optional": true,
      "requires": {
        "bindings": "1.3.0",
        "nan": "2.10.0"
      }
    },
    "string_decoder": {
      "version": "1.1.1",
      "resolved": "https://registry.npmjs.org/string_decoder/-/string_decoder-1.1.1.tgz",
      "integrity": "sha512-n/ShnvDi6FHbbVfviro+WojiFzv+s8MPMHBczVePfUpDJLwoLT0ht1l4YwBCbi8pJAveEEdnkHyPyTP/mzRfwg==",
      "requires": {
        "safe-buffer": "5.1.2"
      }
    },
    "symbol-observable": {
      "version": "1.2.0",
      "resolved": "https://registry.npmjs.org/symbol-observable/-/symbol-observable-1.2.0.tgz",
      "integrity": "sha512-e900nM8RRtGhlV36KGEU9k65K3mPb1WV70OdjfxlG2EAuM1noi/E/BaW/uMhL7bPEssK8QV57vN3esixjUvcXQ=="
    },
    "traverse": {
      "version": "0.3.9",
      "resolved": "https://registry.npmjs.org/traverse/-/traverse-0.3.9.tgz",
      "integrity": "sha1-cXuPIgzAu3tE5AUUwisui7xw2Lk="
    },
    "underscore": {
      "version": "1.4.4",
      "resolved": "https://registry.npmjs.org/underscore/-/underscore-1.4.4.tgz",
      "integrity": "sha1-YaajIBBiKvoHljvzJSA88SI51gQ="
    },
    "util-deprecate": {
      "version": "1.0.2",
      "resolved": "https://registry.npmjs.org/util-deprecate/-/util-deprecate-1.0.2.tgz",
      "integrity": "sha1-RQ1Nyfpw3nMnYvvS1KKJgUGaDM8="
    },
    "uuid": {
      "version": "3.2.1",
      "resolved": "https://registry.npmjs.org/uuid/-/uuid-3.2.1.tgz",
      "integrity": "sha512-jZnMwlb9Iku/O3smGWvZhauCf6cvvpKi4BKRiliS3cxnI+Gz9j5MEpTz2UFuXiKPJocb7gnsLHwiS05ige5BEA=="
    },
    "wrr-pool": {
      "version": "1.1.3",
      "resolved": "https://registry.npmjs.org/wrr-pool/-/wrr-pool-1.1.3.tgz",
      "integrity": "sha1-/a0i8uofMDY//l14HPeUl6d/8H4=",
      "requires": {
        "lodash": "4.16.4"
      }
    }
  }
}
